
Microsoft Visual Studio Solution File, Format Version 12.00
# Visual Studio 2013
VisualStudioVersion = 12.0.21005.1
MinimumVisualStudioVersion = 10.0.40219.1
Project("{FAE04EC0-301F-11D3-BF4B-00C04F79EFBC}") = "Users", "Users\Users.csproj", "{B87573D4-4ED5-40D5-AA9A-394516BBDD1A}"
EndProject
Project("{FAE04EC0-301F-11D3-BF4B-00C04F79EFBC}") = "Questionnaire", "Questionnaire\Questionnaire.csproj", "{233DBDF2-3681-4F32-896F-082B620A2012}"
EndProject
Global
	GlobalSection(SolutionConfigurationPlatforms) = preSolution
		Debug|Any CPU = Debug|Any CPU
		Release|Any CPU = Release|Any CPU
	EndGlobalSection
	GlobalSection(ProjectConfigurationPlatforms) = postSolution
		{B87573D4-4ED5-40D5-AA9A-394516BBDD1A}.Debug|Any CPU.ActiveCfg = Debug|Any CPU
		{B87573D4-4ED5-40D5-AA9A-394516BBDD1A}.Debug|Any CPU.Build.0 = Debug|Any CPU
		{B87573D4-4ED5-40D5-AA9A-394516BBDD1A}.Release|Any CPU.ActiveCfg = Release|Any CPU
		{B87573D4-4ED5-40D5-AA9A-394516BBDD1A}.Release|Any CPU.Build.0 = Release|Any CPU
		{233DBDF2-3681-4F32-896F-082B620A2012}.Debug|Any CPU.ActiveCfg = Debug|Any CPU
		{233DBDF2-3681-4F32-896F-082B620A2012}.Debug|Any CPU.Build.0 = Debug|Any CPU
		{233DBDF2-3681-4F32-896F-082B620A2012}.Release|Any CPU.ActiveCfg = Release|Any CPU
		{233DBDF2-3681-4F32-896F-082B620A2012}.Release|Any CPU.Build.0 = Release|Any CPU
	EndGlobalSection
	GlobalSection(SolutionProperties) = preSolution
		HideSolutionNode = FALSE
	EndGlobalSection
EndGlobal
